
Microsoft Visual Studio Solution File, Format Version 12.00
# Visual Studio Version 16
VisualStudioVersion = 16.0.33027.164
MinimumVisualStudioVersion = 10.0.40219.1
Project("{FAE04EC0-301F-11D3-BF4B-00C04F79EFBC}") = "MvcEmployeCrud", "MvcEmployeCrud.csproj", "{7972D69C-6B0D-4AB6-B8AD-5C7D4720EBCC}"
EndProject
Global
	GlobalSection(SolutionConfigurationPlatforms) = preSolution
		Debug|Any CPU = Debug|Any CPU
		Release|Any CPU = Release|Any CPU
	EndGlobalSection
	GlobalSection(ProjectConfigurationPlatforms) = postSolution
		{7972D69C-6B0D-4AB6-B8AD-5C7D4720EBCC}.Debug|Any CPU.ActiveCfg = Debug|Any CPU
		{7972D69C-6B0D-4AB6-B8AD-5C7D4720EBCC}.Debug|Any CPU.Build.0 = Debug|Any CPU
		{7972D69C-6B0D-4AB6-B8AD-5C7D4720EBCC}.Release|Any CPU.ActiveCfg = Release|Any CPU
		{7972D69C-6B0D-4AB6-B8AD-5C7D4720EBCC}.Release|Any CPU.Build.0 = Release|Any CPU
	EndGlobalSection
	GlobalSection(SolutionProperties) = preSolution
		HideSolutionNode = FALSE
	EndGlobalSection
	GlobalSection(ExtensibilityGlobals) = postSolution
		SolutionGuid = {D9CD54A5-4BE9-4BAA-A813-763FF0E90FF4}
	EndGlobalSection
EndGlobal
